{
  "name": "fwdloop",
  "version": "0.0.1",
  "lockfileVersion": 3,
  "requires": true,
  "packages": {
    "": {
      "name": "fwdloop",
      "version": "0.0.1",
      "license": "Apache-2.0",
      "dependencies": {
        "bare-agent": "^0.41.1"
      },
      "engines": {
        "node": ">=20"
      }
    },
    "node_modules/bare-agent": {
      "version": "0.41.1",
      "resolved": "https://registry.npmjs.org/bare-agent/-/bare-agent-0.41.1.tgz",
      "integrity": "sha512-qgPctnP6XEU8oc1uu8bNWGRQkJiMXQq3nwKrtfTLPY0bdvBJH+d8ZyjI5SZuZnAHaKF6AbDXvojK3FvqCMJqUw==",
      "license": "Apache-2.0",
      "bin": {
        "bare-agent": "bin/cli.js"
      },
      "engines": {
        "node": ">=18"
      },
      "optionalDependencies": {
        "barebrowse": "^0.5.0",
        "baremobile": "^0.7.0",
        "cron-parser": "^4.9.0"
      },
      "peerDependencies": {
        "bareguard": ">=0.9.0 <0.16.0",
        "better-sqlite3": ">=9.0.0"
      },
      "peerDependenciesMeta": {
        "bareguard": {
          "optional": true
        },
        "better-sqlite3": {
          "optional": true
        }
      }
    },
    "node_modules/barebrowse": {
      "version": "0.5.9",
      "resolved": "https://registry.npmjs.org/barebrowse/-/barebrowse-0.5.9.tgz",
      "integrity": "sha512-D7h2/veO9QjlivtqzHB2pW/lr+iuoAElOim8FTGzJ4E7YbgHFocdDAiQR4leLdpS55NnYyIw5aEZO+RKDPnB+w==",
      "license": "MIT",
      "optional": true,
      "bin": {
        "barebrowse": "cli.js"
      },
      "engines": {
        "node": ">=22"
      },
      "optionalDependencies": {
        "wearehere": "^1.0.0"
      }
    },
    "node_modules/baremobile": {
      "version": "0.7.11",
      "resolved": "https://registry.npmjs.org/baremobile/-/baremobile-0.7.11.tgz",
      "integrity": "sha512-iXw+t3HcBl3N/gDifuZWPtCnhZGasxV1nLokGEf2W5l9DU4zfOduoQYJ+mcGFg3I0uDuhDWONXmxNje3LCAEAg==",
      "license": "MIT",
      "optional": true,
      "bin": {
        "baremobile": "cli.js"
      },
      "engines": {
        "node": ">=22"
      }
    },
    "node_modules/cron-parser": {
      "version": "4.9.0",
      "resolved": "https://registry.npmjs.org/cron-parser/-/cron-parser-4.9.0.tgz",
      "integrity": "sha512-p0SaNjrHOnQeR8/VnfGbmg9te2kfyYSQ7Sc/j/6DtPL3JQvKxmjO9TSjNFpujqV3vEYYBvNNvXSxzyksBWAx1Q==",
      "deprecated": "v4 is no longer maintained, upgrade to v5",
      "license": "MIT",
      "optional": true,
      "dependencies": {
        "luxon": "^3.2.1"
      },
      "engines": {
        "node": ">=12.0.0"
      }
    },
    "node_modules/luxon": {
      "version": "3.7.2",
      "resolved": "https://registry.npmjs.org/luxon/-/luxon-3.7.2.tgz",
      "integrity": "sha512-vtEhXh/gNjI9Yg1u4jX/0YVPMvxzHuGgCm6tC5kZyb08yjGWGnqAjGJvcXbqQR2P3MyMEFnRbpcdFS6PBcLqew==",
      "license": "MIT",
      "optional": true,
      "engines": {
        "node": ">=12"
      }
    },
    "node_modules/wearehere": {
      "version": "1.0.0",
      "resolved": "https://registry.npmjs.org/wearehere/-/wearehere-1.0.0.tgz",
      "integrity": "sha512-auUvaOetixRZcKnBxFZzlIp4nNjXPPcAwLe238O1uZ2wdxtHzPb08lGaFadsjAjbqglTi3OgDfDltZQjZptLzw==",
      "license": "MIT",
      "optional": true,
      "engines": {
        "node": ">=18"
      }
    }
  }
}
